{
  "version": "2",
  "remote": {
    "https://deno.land/std@0.150.0/_util/assert.ts": "e94f2eb37cebd7f199952e242c77654e43333c1ac4c5c700e929ea3aa5489f74",
    "https://deno.land/std@0.150.0/_util/os.ts": "3b4c6e27febd119d36a416d7a97bd3b0251b77c88942c8f16ee5953ea13e2e49",
    "https://deno.land/std@0.150.0/path/_constants.ts": "df1db3ffa6dd6d1252cc9617e5d72165cd2483df90e93833e13580687b6083c3",
    "https://deno.land/std@0.150.0/path/_interface.ts": "ee3b431a336b80cf445441109d089b70d87d5e248f4f90ff906820889ecf8d09",
    "https://deno.land/std@0.150.0/path/_util.ts": "c1e9686d0164e29f7d880b2158971d805b6e0efc3110d0b3e24e4b8af2190d2b",
    "https://deno.land/std@0.150.0/path/common.ts": "bee563630abd2d97f99d83c96c2fa0cca7cee103e8cb4e7699ec4d5db7bd2633",
    "https://deno.land/std@0.150.0/path/glob.ts": "cb5255638de1048973c3e69e420c77dc04f75755524cb3b2e160fe9277d939ee",
    "https://deno.land/std@0.150.0/path/mod.ts": "4945b430b759b0b3d98f2a278542cbcf95e0ad2bd8eaaed3c67322b306b2b346",
    "https://deno.land/std@0.150.0/path/posix.ts": "c1f7afe274290ea0b51da07ee205653b2964bd74909a82deb07b69a6cc383aaa",
    "https://deno.land/std@0.150.0/path/separator.ts": "fe1816cb765a8068afb3e8f13ad272351c85cbc739af56dacfc7d93d710fe0f9",
    "https://deno.land/std@0.150.0/path/win32.ts": "bd7549042e37879c68ff2f8576a25950abbfca1d696d41d82c7bca0b7e6f452c",
    "https://deno.land/std@0.159.0/_util/assert.ts": "e94f2eb37cebd7f199952e242c77654e43333c1ac4c5c700e929ea3aa5489f74",
    "https://deno.land/std@0.159.0/_util/os.ts": "8a33345f74990e627b9dfe2de9b040004b08ea5146c7c9e8fe9a29070d193934",
    "https://deno.land/std@0.159.0/async/abortable.ts": "87aa7230be8360c24ad437212311c9e8d4328854baec27b4c7abb26e85515c06",
    "https://deno.land/std@0.159.0/async/deadline.ts": "48ac998d7564969f3e6ec6b6f9bf0217ebd00239b1b2292feba61272d5dd58d0",
    "https://deno.land/std@0.159.0/async/debounce.ts": "de5433bff08a2bb61416fc53b3bd2d5867090c8a815465e5b4a10a77495b1051",
    "https://deno.land/std@0.159.0/async/deferred.ts": "c01de44b9192359cebd3fe93273fcebf9e95110bf3360023917da9a2d1489fae",
    "https://deno.land/std@0.159.0/async/delay.ts": "0419dfc993752849692d1f9647edf13407c7facc3509b099381be99ffbc9d699",
    "https://deno.land/std@0.159.0/async/mod.ts": "dd0a8ed4f3984ffabe2fcca7c9f466b7932d57b1864ffee148a5d5388316db6b",
    "https://deno.land/std@0.159.0/async/mux_async_iterator.ts": "3447b28a2a582224a3d4d3596bccbba6e85040da3b97ed64012f7decce98d093",
    "https://deno.land/std@0.159.0/async/pool.ts": "ef9eb97b388543acbf0ac32647121e4dbe629236899586c4d4311a8770fbb239",
    "https://deno.land/std@0.159.0/async/tee.ts": "d27680d911816fcb3d231e16d690e7588079e66a9b2e5ce8cc354db94fdce95f",
    "https://deno.land/std@0.159.0/http/server.ts": "e99c1bee8a3f6571ee4cdeb2966efad465b8f6fe62bec1bdb59c1f007cc4d155",
    "https://deno.land/std@0.159.0/path/_constants.ts": "df1db3ffa6dd6d1252cc9617e5d72165cd2483df90e93833e13580687b6083c3",
    "https://deno.land/std@0.159.0/path/_interface.ts": "ee3b431a336b80cf445441109d089b70d87d5e248f4f90ff906820889ecf8d09",
    "https://deno.land/std@0.159.0/path/_util.ts": "d16be2a16e1204b65f9d0dfc54a9bc472cafe5f4a190b3c8471ec2016ccd1677",
    "https://deno.land/std@0.159.0/path/common.ts": "bee563630abd2d97f99d83c96c2fa0cca7cee103e8cb4e7699ec4d5db7bd2633",
    "https://deno.land/std@0.159.0/path/glob.ts": "cb5255638de1048973c3e69e420c77dc04f75755524cb3b2e160fe9277d939ee",
    "https://deno.land/std@0.159.0/path/mod.ts": "56fec03ad0ebd61b6ab39ddb9b0ddb4c4a5c9f2f4f632e09dd37ec9ebfd722ac",
    "https://deno.land/std@0.159.0/path/posix.ts": "c1f7afe274290ea0b51da07ee205653b2964bd74909a82deb07b69a6cc383aaa",
    "https://deno.land/std@0.159.0/path/separator.ts": "fe1816cb765a8068afb3e8f13ad272351c85cbc739af56dacfc7d93d710fe0f9",
    "https://deno.land/std@0.159.0/path/win32.ts": "bd7549042e37879c68ff2f8576a25950abbfca1d696d41d82c7bca0b7e6f452c",
    "https://deno.land/std@0.172.0/_util/asserts.ts": "178dfc49a464aee693a7e285567b3d0b555dc805ff490505a8aae34f9cfb1462",
    "https://deno.land/std@0.172.0/_util/os.ts": "d932f56d41e4f6a6093d56044e29ce637f8dcc43c5a90af43504a889cf1775e3",
    "https://deno.land/std@0.172.0/flags/mod.ts": "d1cdefa18472ef69858a17df5cf7c98445ed27ac10e1460183081303b0ebc270",
    "https://deno.land/std@0.172.0/fs/_util.ts": "65381f341af1ff7f40198cee15c20f59951ac26e51ddc651c5293e24f9ce6f32",
    "https://deno.land/std@0.172.0/fs/copy.ts": "14214efd94fc3aa6db1e4af2b4b9578e50f7362b7f3725d5a14ad259a5df26c8",
    "https://deno.land/std@0.172.0/fs/empty_dir.ts": "c3d2da4c7352fab1cf144a1ecfef58090769e8af633678e0f3fabaef98594688",
    "https://deno.land/std@0.172.0/fs/ensure_dir.ts": "724209875497a6b4628dfb256116e5651c4f7816741368d6c44aab2531a1e603",
    "https://deno.land/std@0.172.0/fs/ensure_file.ts": "c38602670bfaf259d86ca824a94e6cb9e5eb73757fefa4ebf43a90dd017d53d9",
    "https://deno.land/std@0.172.0/fs/ensure_link.ts": "c0f5b2f0ec094ed52b9128eccb1ee23362a617457aa0f699b145d4883f5b2fb4",
    "https://deno.land/std@0.172.0/fs/ensure_symlink.ts": "2955cc8332aeca9bdfefd05d8d3976b94e282b0f353392a71684808ed2ffdd41",
    "https://deno.land/std@0.172.0/fs/eol.ts": "f1f2eb348a750c34500741987b21d65607f352cf7205f48f4319d417fff42842",
    "https://deno.land/std@0.172.0/fs/exists.ts": "b8c8a457b71e9d7f29b9d2f87aad8dba2739cbe637e8926d6ba6e92567875f8e",
    "https://deno.land/std@0.172.0/fs/expand_glob.ts": "536055845aafc32de7e7a46c3b778a741825d5e2ed8580d9851a01ec7a5adf2e",
    "https://deno.land/std@0.172.0/fs/mod.ts": "bc3d0acd488cc7b42627044caf47d72019846d459279544e1934418955ba4898",
    "https://deno.land/std@0.172.0/fs/move.ts": "4cb47f880e3f0582c55e71c9f8b1e5e8cfaacb5e84f7390781dd563b7298ec19",
    "https://deno.land/std@0.172.0/fs/walk.ts": "ea95ffa6500c1eda6b365be488c056edc7c883a1db41ef46ec3bf057b1c0fe32",
    "https://deno.land/std@0.172.0/path/_constants.ts": "e49961f6f4f48039c0dfed3c3f93e963ca3d92791c9d478ac5b43183413136e0",
    "https://deno.land/std@0.172.0/path/_interface.ts": "6471159dfbbc357e03882c2266d21ef9afdb1e4aa771b0545e90db58a0ba314b",
    "https://deno.land/std@0.172.0/path/_util.ts": "86c2375a996c1931b2f2ac71fefd5ddf0cf0e579fa4ab12d3e4c552d4223b8d8",
    "https://deno.land/std@0.172.0/path/common.ts": "ee7505ab01fd22de3963b64e46cff31f40de34f9f8de1fff6a1bd2fe79380000",
    "https://deno.land/std@0.172.0/path/glob.ts": "d479e0a695621c94d3fd7fe7abd4f9499caf32a8de13f25073451c6ef420a4e1",
    "https://deno.land/std@0.172.0/path/mod.ts": "4b83694ac500d7d31b0cdafc927080a53dc0c3027eb2895790fb155082b0d232",
    "https://deno.land/std@0.172.0/path/posix.ts": "0874b341c2c6968ca38d323338b8b295ea1dae10fa872a768d812e2e7d634789",
    "https://deno.land/std@0.172.0/path/separator.ts": "0fb679739d0d1d7bf45b68dacfb4ec7563597a902edbaf3c59b50d5bcadd93b1",
    "https://deno.land/std@0.172.0/path/win32.ts": "672942919dd66ce1b8c224e77d3447e2ad8254eaff13fe6946420a9f78fa141e",
    "https://deno.land/x/cargo@0.1.48/app.ts": "7d399f65376ac688537f3e878107d22214d6057130292b4bcfd29cdc77ce85ba",
    "https://deno.land/x/cargo@0.1.48/constants.ts": "8b04fcaa5402b868ec609b0e32615342a5f0595cd62896877ec8f5ef6502c962",
    "https://deno.land/x/cargo@0.1.48/deps.ts": "e892af5c94228475bc26fe5cfc926f11444284da681cb38cbcfebdbf36765b7f",
    "https://deno.land/x/cargo@0.1.48/http/exceptions/bad-request-exception.ts": "5b95bbf2c7d03ea98ae12052a9cc7f781458eceec8c0a06eb967f4a382564c23",
    "https://deno.land/x/cargo@0.1.48/http/exceptions/entity-too-large-exception.ts": "1d9b740b2d0a546f3d171499216aadd2ffbcb7157f9fe886dad54b98edc97da0",
    "https://deno.land/x/cargo@0.1.48/http/exceptions/handle-exception.ts": "d893d028bf2408dcd46912fda49f6cb953f748eeae68debb23cbe90573dcf941",
    "https://deno.land/x/cargo@0.1.48/http/exceptions/http-exception.ts": "5e25c886ed95d308639e3b22cfd977104fc9320ab8ffeef2b8139fe71e9c1e16",
    "https://deno.land/x/cargo@0.1.48/http/exceptions/internal-server-exception.ts": "7d16f30f7444ff921596ddc80bbee8aa9a197727d118b09a8945047c8ff90bb3",
    "https://deno.land/x/cargo@0.1.48/http/exceptions/mod.ts": "78568538455e90f2c89ddf2399ebb56045983ef0ed96f9f9973b466a3b9549e8",
    "https://deno.land/x/cargo@0.1.48/http/exceptions/not-found-exception.ts": "c2acef2c7455fef147b127ca09d1b902800bcf12df1add1b51f8081aadf16afe",
    "https://deno.land/x/cargo@0.1.48/http/exceptions/unauthorized-exception.ts": "afd5c1543580d83624e34d3879c4e981e88ad55d66afc15518b5f8e84d558987",
    "https://deno.land/x/cargo@0.1.48/http/exceptions/unsupported-media-type-exception.ts": "389dbd25b5cc1505deafbae4fdd900f69de4b81b7b8377b73a1381e011b23420",
    "https://deno.land/x/cargo@0.1.48/http/group.ts": "173dd377fa9a29741f1b0d00e10506d1539d1711930f36aad175b9500b6e67ec",
    "https://deno.land/x/cargo@0.1.48/http/http-method.ts": "87f96d482b9f09f506b948a3cf29cd044c7ccc318db81fc8c404055c460eccb0",
    "https://deno.land/x/cargo@0.1.48/http/http-status.ts": "af8f0cf26b3c39dffe5be2feb7953bf78212d893662b7871aa4d2983f7b0cef0",
    "https://deno.land/x/cargo@0.1.48/http/mod.ts": "d850041f6172de7cb1de6bea5c5320a4792bd7a81e2ea09f43af6f493c4c3286",
    "https://deno.land/x/cargo@0.1.48/http/protocol.ts": "1d6b45ddf5992f9244a4fd477e5658ac1ce8d32015794a90d061e858f6d367ee",
    "https://deno.land/x/cargo@0.1.48/http/request.ts": "76637bb20439689e96136b56ba56074b53e1f869f235cfd2752790813f4c04e7",
    "https://deno.land/x/cargo@0.1.48/http/route.ts": "2b32aa07163a0a13d28073107a462556ab082980eeb1cbea884d550e73b43e7f",
    "https://deno.land/x/cargo@0.1.48/http/router.ts": "101dc83a3c5de9858d650827bac4921c69e532af78ff8edd45605d3f47297541",
    "https://deno.land/x/cargo@0.1.48/http/tasks/assets.ts": "4320ad5799d3727c5b7f5456cb123ebc671c6e41a4fd264d5adc24c96f5b7cde",
    "https://deno.land/x/cargo@0.1.48/http/tasks/favicon.ts": "d0d513b78da3a2f2877fd0424419857b38188923fe5f4fd7d380fe2b54730c2d",
    "https://deno.land/x/cargo@0.1.48/http/tasks/mod.ts": "a33aace81643586b0e9178e74a416736e3096c8fa62ad4114c4a2dfabbf5b3f9",
    "https://deno.land/x/cargo@0.1.48/http/tasks/routes.ts": "2b2528dfcda81b51264581f3de27b9a1b4929d5bc5eefeae5ac317d0fdfb9b0b",
    "https://deno.land/x/cargo@0.1.48/middleware/add-raw-body-to-context.ts": "861ae4472daafe37bca9916aecd5a6d8dcab51d271b692a96a36edcf4c733fce",
    "https://deno.land/x/cargo@0.1.48/middleware/add-search-params-to-context.ts": "9ffc82784cfde25c6bb1ec4bf1b04638384cebedfead94b963724e95f6d375fe",
    "https://deno.land/x/cargo@0.1.48/middleware/body-parser/body-parser.ts": "ded99d79c9f20def1d2bde55b34c6635df48455a3048ab269e054a6cae9c9d01",
    "https://deno.land/x/cargo@0.1.48/middleware/body-parser/json-parser.ts": "62f9196443488b0c5d8b4f445c429ce9d32f7a99c334a878656294214964619d",
    "https://deno.land/x/cargo@0.1.48/middleware/log-time-to-response.ts": "0d59779cb89965aa4900a8e70a0ebdcf225ebe3d33b4977d98a28f1bd2920b8a",
    "https://deno.land/x/cargo@0.1.48/middleware/middleware.ts": "818b48711d243c9b64459c454e8bf3136c8bea295ee04355931e737912ad5294",
    "https://deno.land/x/cargo@0.1.48/middleware/mod.ts": "3f7087abdebb6a08ca5cff9e3bc1fbc1525b4619a1f210cd38f1a8c6fecbce06",
    "https://deno.land/x/cargo@0.1.48/middleware/redirect-to-without-slash.ts": "dd4d1674e29018e74d1fa724c01275cc7b9759ec4d949aed60fb53ed848eeb06",
    "https://deno.land/x/cargo@0.1.48/middleware/validate.ts": "3b196b8eb9be1feab4d6a90442b4a02b678b613d411f3c9e7a7ac2ce23eb2928",
    "https://deno.land/x/cargo@0.1.48/mod.ts": "e1adeabda37be9dbe6ad55ca4313a530833b58629ed177194dd9e386d385fbbc",
    "https://deno.land/x/cargo@0.1.48/tasks.ts": "645f62169881c0ac7c4b7416e842bcd887f91e11ca98868a39eb7d77cfd4f084",
    "https://deno.land/x/cargo@0.1.48/utils/file.ts": "bb146f2d825020d5c5290db7894358bb2fcc92ff5dce4b5f54f0e927d3729f27",
    "https://deno.land/x/cargo@0.1.48/utils/logger.ts": "40a760a35b3f153a991397d485a85532500890206dc85da9f40abe064792ff43",
    "https://deno.land/x/cargo@0.1.48/utils/mime-types.ts": "77e0ddf514e5f3a99b2d9aafabc1156a437078cb3e670e84c8d7c5ce005675a7",
    "https://deno.land/x/cargo@0.1.48/utils/mod.ts": "7f9189faa10bd07d9eb4d523bf7b7d7bea9f176587af2f52505a22561e7f1bfc",
    "https://deno.land/x/cargo@0.1.48/utils/options.ts": "1fead55ed71b31077f0d980756d0d07232cd6742164ae6ca2627c3ba387f2809",
    "https://deno.land/x/cargo_inspect@0.1.48/mod.ts": "bb21055b48151cbdecda8799d2b25ff4b8f43ab008d9db8dd73c3cf32bda4284",
    "https://deno.land/x/cargo_inspect@0.1.48/schema.ts": "4bfaa7834df3f5592dc7a32699f46bb1723854036534d172f0bbb259422cedeb",
    "https://deno.land/x/cargo_inspect@0.1.48/schemas/array.ts": "62b1fdec64993ada8eee09ad0dfb4f04eb9b12da628ec7b26a718bfb86d275fe",
    "https://deno.land/x/cargo_inspect@0.1.48/schemas/bool.ts": "b7737b7873304f745c770ba0a902e6aa74b7fc76111bfa6289765107a5f90797",
    "https://deno.land/x/cargo_inspect@0.1.48/schemas/mod.ts": "06cbedacdb19d640095fc13712dd52e14bf09b32ee5838837c61898a3fd4c6cc",
    "https://deno.land/x/cargo_inspect@0.1.48/schemas/number.ts": "bb54afcf106e5a6aa6e934255ca8d548fed3c1fafe7a540654f8fd120609dafe",
    "https://deno.land/x/cargo_inspect@0.1.48/schemas/object.ts": "58ac0273ed9479c7d155f91da529b8f1858e8f2fcbae1f2c9ad7952a1b3d5b38",
    "https://deno.land/x/cargo_inspect@0.1.48/schemas/string.ts": "ea47b7141d00ddd1e9061798a0116cd91f5f9b34a991396a624f47e1cb2d86a7",
    "https://deno.land/x/cargo_parcel@0.1.70/ast.ts": "a239306005e3964d1eae8b85fcb49fd9b471168a5a42a050af2950af2fc36b01",
    "https://deno.land/x/cargo_parcel@0.1.70/cargo/body.ts": "0cb003dbcc52f62f2fd53d67f75e23f86d07ddd358c827bc516e60912c0bcc72",
    "https://deno.land/x/cargo_parcel@0.1.70/cargo/bundle.ts": "d920cc565fc55f216ddfc3410f48245729523a452806dfdd0c20aff485dccf4c",
    "https://deno.land/x/cargo_parcel@0.1.70/cargo/deps.ts": "ebcbf69ce67584b0bc717ad7a3e19579d8d8856cc6ef2375b4086fe6a90bc194",
    "https://deno.land/x/cargo_parcel@0.1.70/cargo/footer.ts": "b97658e344c87330bf0d716715c603158ee5055213036ecd59c991d0a8dec428",
    "https://deno.land/x/cargo_parcel@0.1.70/cargo/head.ts": "7a0a79c1c79309550f5523e5f92f44e9824061dab036cfd8b39ff7ed2f0109e4",
    "https://deno.land/x/cargo_parcel@0.1.70/cargo/html.ts": "35997923f79abb45453d943251ea1bc87f3fcdb87da70b3981f31dfddd7ae72f",
    "https://deno.land/x/cargo_parcel@0.1.70/cargo/islands.ts": "38aa2be9d380fa1358c5963ebba6e6d980a95c1008535da10c4addca11da5611",
    "https://deno.land/x/cargo_parcel@0.1.70/cargo/mod.ts": "58d25ba9cce9b3447eeeae2b8034d5ef5cf6f87ec6ee9a6925de498104898cd9",
    "https://deno.land/x/cargo_parcel@0.1.70/cargo/page.ts": "cd44be9b8cfcd54ee7b8a34475f72721a8944b02d75e571e9fd2445c19c7e014",
    "https://deno.land/x/cargo_parcel@0.1.70/cargo/path-mapping.ts": "14747ee668093d3ac55543cd229ce35a02cefa732404aa8ad73eeeb1ccf1d69a",
    "https://deno.land/x/cargo_parcel@0.1.70/cargo/plugin.ts": "4b4f3666b54cbb0aa72d736cc701e6b0bd193178e1cbe2ada98687322a786825",
    "https://deno.land/x/cargo_parcel@0.1.70/cargo/tasks/mod.ts": "370f51836ac41ea4a7f3e9e9b5161bde86a3479b5040000f1939862370255c2b",
    "https://deno.land/x/cargo_parcel@0.1.70/cargo/tasks/parcel.ts": "e69a04ce7398d4917da1a18bec3d0109eda699d35eab1d7d1ea9a536688c7bd2",
    "https://deno.land/x/cargo_parcel@0.1.70/cargo/title.ts": "0e9dcbf89c0f708dfadcf886213a0011dbde891a9d6efcbafa540968914ca951",
    "https://deno.land/x/cargo_parcel@0.1.70/event.ts": "a2f36fdb8f8bc06ddd010f964b434f83061f5808ed5da7ec0ba34764d6634018",
    "https://deno.land/x/cargo_parcel@0.1.70/mod.ts": "7071f513eb4404f8486c6dfd102eb8dd7844ab9c91c03831ef2d39cf1d1d51d0",
    "https://deno.land/x/cargo_parcel@0.1.70/platform/server/deps.ts": "e1d5c36d1dfadce3e41e9c96b953fd1c3daadd8b3f716f59965fb2863122ebe9",
    "https://deno.land/x/cargo_parcel@0.1.70/platform/server/mod.ts": "724fce450128c9ca27ce2e990cd6dede2d4d48ba7844ced749120098e9c4628a",
    "https://deno.land/x/cargo_parcel@0.1.70/platform/server/render.ts": "e2807c1b773f32638dfe26d1d5ebaea16ab8c3883a5d9f788262de387d529beb",
    "https://deno.land/x/cargo_parcel@0.1.70/platform/server/utils.ts": "79d0aaf84cd67c7edb62cdf24da1e9357703206273a91f09aaaafdc21a82e854",
    "https://deno.land/x/cargo_parcel@0.1.70/state/cycle.ts": "268ba64dd1cf55f2e5911badd3d149708a3641cca7648f8fe93c15ad4bd95797",
    "https://deno.land/x/cargo_parcel@0.1.70/state/deps.ts": "5f521e39f1932013b3c791dbfc2506e840000565e33bf8219c2a2e223268b4ac",
    "https://deno.land/x/cargo_parcel@0.1.70/state/mod.ts": "eddd4e537cf7918c06834fe0e0d4ca0c171c38b3e86658cfbeae4dd3dd18482d",
    "https://deno.land/x/cargo_parcel@0.1.70/state/state.ts": "7b565a554f2bce0b36217838f480835f5b8da86f3d2647f4babec1ff36342782",
    "https://deno.land/x/cargo_parcel@0.1.70/tag.ts": "3e3886ef3e2fd4b35ae3bc445e5bcee02ddebace1bcc67202f860fa6e130561d",
    "https://deno.land/x/cargo_parcel@0.1.70/types.ts": "a3b28cd5eea58381eec285f65089c97e07ea2b6dd1948582a095e403b79b352f",
    "https://deno.land/x/cargo_parcel_plugins@0.0.4/twind/mod.ts": "c22a22e14ec99cc1b27c24efadaa6341b13608e3d24c854af1b4726631965132",
    "https://deno.land/x/cargo_parcel_plugins@0.0.4/twind/plugin.ts": "93909649dea0c8867511d50f70e81086d0e4ac69bc829dc2eefefee8ee77e1ba",
    "https://deno.land/x/denoflate@1.2.1/mod.ts": "f5628e44b80b3d80ed525afa2ba0f12408e3849db817d47a883b801f9ce69dd6",
    "https://deno.land/x/denoflate@1.2.1/pkg/denoflate.js": "b9f9ad9457d3f12f28b1fb35c555f57443427f74decb403113d67364e4f2caf4",
    "https://deno.land/x/denoflate@1.2.1/pkg/denoflate_bg.wasm.js": "d581956245407a2115a3d7e8d85a9641c032940a8e810acbd59ca86afd34d44d",
    "https://deno.land/x/esbuild@v0.14.51/mod.d.ts": "c142324d0383c39de0d7660cd207a7f7f52c7198a13d7d3281c0d636a070f441",
    "https://deno.land/x/esbuild@v0.17.0/mod.d.ts": "9babf61f23be4f22863a31c47e0d08c5c5a0e7581b9620defd1d06d4b07068fd",
    "https://deno.land/x/esbuild@v0.17.0/mod.js": "4f7a35eab22e06f544747e4c8e2ea5c9d31a7041e57320c8027c9d405c349a71",
    "https://deno.land/x/esbuild@v0.17.0/wasm.d.ts": "9babf61f23be4f22863a31c47e0d08c5c5a0e7581b9620defd1d06d4b07068fd",
    "https://deno.land/x/esbuild@v0.17.0/wasm.js": "2fdae44880e5828554d5769983683c6699963ed22e27a792d1ab3bdd9fd7413e",
    "https://deno.land/x/esbuild_deno_loader@0.5.2/deps.ts": "bf83c27b7787b2f245fa0bc0b99f5041aa949c000a81c016cfe828d06b476d37",
    "https://deno.land/x/esbuild_deno_loader@0.5.2/mod.ts": "bc111a68f323dbdb6edec68dd558ab732b27866d2ef304708872d763387b65d7",
    "https://deno.land/x/esbuild_deno_loader@0.5.2/src/deno.ts": "0e83ccabbe2b004389288e38df2031b79eb347df2d139fce9394d8e88a11f259",
    "https://deno.land/x/esbuild_deno_loader@0.5.2/src/native_loader.ts": "343854a566cf510cf25144f7c09fc0c1097780a31830305142a075d12bb697ba",
    "https://deno.land/x/esbuild_deno_loader@0.5.2/src/portable_loader.ts": "35b6c526eed8c2c781a3256b23c30aa7cce69c0ef1d583c15528663287ba18a3",
    "https://deno.land/x/esbuild_deno_loader@0.5.2/src/shared.ts": "b64749cd8c0f6252a11498bd8758ef1220003e46b2c9b68e16da63fd7e92b13a",
    "https://deno.land/x/importmap@0.2.1/_util.ts": "ada9a9618b537e6c0316c048a898352396c882b9f2de38aba18fd3f2950ede89",
    "https://deno.land/x/importmap@0.2.1/mod.ts": "ae3d1cd7eabd18c01a4960d57db471126b020f23b37ef14e1359bbb949227ade",
    "https://esm.sh/@twind/core@1.1.3": "4d2e92fad1b923a7a512339849843482e792580e84d0fac3a238e8ceb1399a8b",
    "https://esm.sh/@twind/preset-autoprefix@1.0.7": "34de03214c45440d72154cbd7a4d1eeb09bccfddc5deef3d40687d383ae1c8e8",
    "https://esm.sh/@twind/preset-tailwind@1.1.4": "d78aafeda83b87f00f07e6fb871a59496c0db136b49b14826c8e7e78facd848a",
    "https://esm.sh/v106/@twind/core@1.1.3/core.d.ts": "5b2bce668a5335ddbfb522706b76e43408dba357894c42339d2409f6de2ac9d2",
    "https://esm.sh/v106/@twind/core@1.1.3/deno/core.js": "621d51213bd6f395ab36046ef38377d10fa278bc7739a5fdf8980eaea30049fd",
    "https://esm.sh/v106/@twind/preset-autoprefix@1.0.7/deno/preset-autoprefix.js": "8384ea581efdbc591063d4e5fdf0343e53483ebbc055203f1f05242f05cd3190",
    "https://esm.sh/v106/@twind/preset-autoprefix@1.0.7/preset-autoprefix.d.ts": "53e567b00eb0e256f26fbbf92e216259b8e70ee8023117a6a97be685606c59f1",
    "https://esm.sh/v106/@twind/preset-tailwind@1.1.4/deno/preset-tailwind.js": "923680f61c9c731f37543e1b31570e19215bbac3ba26dae385cc4ad61babe039",
    "https://esm.sh/v106/@twind/preset-tailwind@1.1.4/preset-tailwind.d.ts": "4a4c59e8af822c319d855697108561c8f4141662de0d2b04e5b031840b232096",
    "https://esm.sh/v106/csstype@3.1.1/index.d.ts": "1c29793071152b207c01ea1954e343be9a44d85234447b2b236acae9e709a383",
    "https://esm.sh/v106/style-vendorizer@2.2.3/deno/style-vendorizer.js": "bacdb96f034bbdae11a8d90427a6d49270d28d5939f02dbf0e7d0e52491ff9e3"
  }
}
